
Microsoft Visual Studio Solution File, Format Version 12.00
# Visual Studio Version 17
VisualStudioVersion = 17.5.33502.453
MinimumVisualStudioVersion = 10.0.40219.1
Project("{FAE04EC0-301F-11D3-BF4B-00C04F79EFBC}") = "Net II Step Task 7", "Net II Step Task 7\Net II Step Task 7.csproj", "{DF0EBFDA-ADF9-4F56-B0C0-BE3B4A372604}"
EndProject
Global
	GlobalSection(SolutionConfigurationPlatforms) = preSolution
		Debug|Any CPU = Debug|Any CPU
		Release|Any CPU = Release|Any CPU
	EndGlobalSection
	GlobalSection(ProjectConfigurationPlatforms) = postSolution
		{DF0EBFDA-ADF9-4F56-B0C0-BE3B4A372604}.Debug|Any CPU.ActiveCfg = Debug|Any CPU
		{DF0EBFDA-ADF9-4F56-B0C0-BE3B4A372604}.Debug|Any CPU.Build.0 = Debug|Any CPU
		{DF0EBFDA-ADF9-4F56-B0C0-BE3B4A372604}.Release|Any CPU.ActiveCfg = Release|Any CPU
		{DF0EBFDA-ADF9-4F56-B0C0-BE3B4A372604}.Release|Any CPU.Build.0 = Release|Any CPU
	EndGlobalSection
	GlobalSection(SolutionProperties) = preSolution
		HideSolutionNode = FALSE
	EndGlobalSection
	GlobalSection(ExtensibilityGlobals) = postSolution
		SolutionGuid = {45DDB8EA-FCFC-479C-82F0-63D19D68DBE2}
	EndGlobalSection
EndGlobal
